# This file is generated by running "yarn install" inside your project.
# Manual changes might be lost - proceed with caution!

__metadata:
  version: 6
  cacheKey: 8

"@mongodb-js/saslprep@npm:^1.1.9":
  version: 1.1.9
  resolution: "@mongodb-js/saslprep@npm:1.1.9"
  dependencies:
    sparse-bitfield: ^3.0.3
  checksum: 6f13983e41c9fbd5273eeae9135e47e5b7a19125a63287bea69e33a618f8e034cfcf2258c77d0f5d6dcf386dfe2bb520bc01613afd1528c52f82c71172629242
  languageName: node
  linkType: hard

"@types/body-parser@npm:*":
  version: 1.19.5
  resolution: "@types/body-parser@npm:1.19.5"
  dependencies:
    "@types/connect": "*"
    "@types/node": "*"
  checksum: 1e251118c4b2f61029cc43b0dc028495f2d1957fe8ee49a707fb940f86a9bd2f9754230805598278fe99958b49e9b7e66eec8ef6a50ab5c1f6b93e1ba2aaba82
  languageName: node
  linkType: hard

"@types/connect@npm:*":
  version: 3.4.38
  resolution: "@types/connect@npm:3.4.38"
  dependencies:
    "@types/node": "*"
  checksum: 7eb1bc5342a9604facd57598a6c62621e244822442976c443efb84ff745246b10d06e8b309b6e80130026a396f19bf6793b7cecd7380169f369dac3bfc46fb99
  languageName: node
  linkType: hard

"@types/express-serve-static-core@npm:^4.17.33, @types/express-serve-static-core@npm:^4.19.3":
  version: 4.19.3
  resolution: "@types/express-serve-static-core@npm:4.19.3"
  dependencies:
    "@types/node": "*"
    "@types/qs": "*"
    "@types/range-parser": "*"
    "@types/send": "*"
  checksum: fff38a7f43baeb6a62380682d39846c9d92047e0dce1737d76ebd944528619abc18addc4f0548bf43dbf4514090a1bd5140ba36695024656f941a87424b8ed7d
  languageName: node
  linkType: hard

"@types/express@npm:^4.17.21":
  version: 4.17.21
  resolution: "@types/express@npm:4.17.21"
  dependencies:
    "@types/body-parser": "*"
    "@types/express-serve-static-core": ^4.17.33
    "@types/qs": "*"
    "@types/serve-static": "*"
  checksum: fb238298630370a7392c7abdc80f495ae6c716723e114705d7e3fb67e3850b3859bbfd29391463a3fb8c0b32051847935933d99e719c0478710f8098ee7091c5
  languageName: node
  linkType: hard

"@types/http-errors@npm:*":
  version: 2.0.4
  resolution: "@types/http-errors@npm:2.0.4"
  checksum: 1f3d7c3b32c7524811a45690881736b3ef741bf9849ae03d32ad1ab7062608454b150a4e7f1351f83d26a418b2d65af9bdc06198f1c079d75578282884c4e8e3
  languageName: node
  linkType: hard

"@types/lodash@npm:^4.17.5":
  version: 4.17.5
  resolution: "@types/lodash@npm:4.17.5"
  checksum: 3c9bb15772509f0ecb40428531863dbc3f064f2bf34bbccc2ce2b2923c69fb0868aec7e357b1d97fd0d7f7e435a014ea5c1adef8a64715529887179c97a5a823
  languageName: node
  linkType: hard

"@types/mime@npm:^1":
  version: 1.3.5
  resolution: "@types/mime@npm:1.3.5"
  checksum: e29a5f9c4776f5229d84e525b7cd7dd960b51c30a0fb9a028c0821790b82fca9f672dab56561e2acd9e8eed51d431bde52eafdfef30f643586c4162f1aecfc78
  languageName: node
  linkType: hard

"@types/node@npm:*, @types/node@npm:^20.14.2":
  version: 20.14.5
  resolution: "@types/node@npm:20.14.5"
  dependencies:
    undici-types: ~5.26.4
  checksum: b337784407edbdd374b25149e9dfce80368846a9b0dc5b7d88a2591572ec87a5d87c11c9ddc1906294aef26a1ad889d56be8b08de6be3ce1256b8d9a836bc7d8
  languageName: node
  linkType: hard

"@types/qs@npm:*":
  version: 6.9.15
  resolution: "@types/qs@npm:6.9.15"
  checksum: 97d8208c2b82013b618e7a9fc14df6bd40a73e1385ac479b6896bafc7949a46201c15f42afd06e86a05e914f146f495f606b6fb65610cc60cf2e0ff743ec38a2
  languageName: node
  linkType: hard

"@types/range-parser@npm:*":
  version: 1.2.7
  resolution: "@types/range-parser@npm:1.2.7"
  checksum: 95640233b689dfbd85b8c6ee268812a732cf36d5affead89e806fe30da9a430767af8ef2cd661024fd97e19d61f3dec75af2df5e80ec3bea000019ab7028629a
  languageName: node
  linkType: hard

"@types/send@npm:*":
  version: 0.17.4
  resolution: "@types/send@npm:0.17.4"
  dependencies:
    "@types/mime": ^1
    "@types/node": "*"
  checksum: cf4db48251bbb03cd6452b4de6e8e09e2d75390a92fd798eca4a803df06444adc94ed050246c94c7ed46fb97be1f63607f0e1f13c3ce83d71788b3e08640e5e0
  languageName: node
  linkType: hard

"@types/serve-static@npm:*":
  version: 1.15.7
  resolution: "@types/serve-static@npm:1.15.7"
  dependencies:
    "@types/http-errors": "*"
    "@types/node": "*"
    "@types/send": "*"
  checksum: bbbf00dbd84719da2250a462270dc68964006e8d62f41fe3741abd94504ba3688f420a49afb2b7478921a1544d3793183ffa097c5724167da777f4e0c7f1a7d6
  languageName: node
  linkType: hard

"@types/webidl-conversions@npm:*":
  version: 7.0.3
  resolution: "@types/webidl-conversions@npm:7.0.3"
  checksum: 535ead9de4d3d6c8e4f4fa14e9db780d2a31e8020debc062f337e1420a41c3265e223e4f4b628f97a11ecf3b96390962cd88a9ffe34f44e159dec583ff49aa34
  languageName: node
  linkType: hard

"@types/whatwg-url@npm:^11.0.2":
  version: 11.0.5
  resolution: "@types/whatwg-url@npm:11.0.5"
  dependencies:
    "@types/webidl-conversions": "*"
  checksum: 23a0c45aff51817807b473a6adb181d6e3bb0d27dde54e84883d5d5bc93358e95204d2188e7ff7fdc2cdaf157e97e1188ef0a22ec79228da300fc30d4a05b56a
  languageName: node
  linkType: hard

"bson@npm:^6.10.1":
  version: 6.10.1
  resolution: "bson@npm:6.10.1"
  checksum: 7c85c8df309bbfd4d42fae54aa37112ee048a89457be908a0e53a01d077d548c94a5a6870dd725ef48130da935286edc8b9ce04830869446db22b8c13a370c42
  languageName: node
  linkType: hard

"debug@npm:4.x":
  version: 4.4.0
  resolution: "debug@npm:4.4.0"
  dependencies:
    ms: ^2.1.3
  peerDependenciesMeta:
    supports-color:
      optional: true
  checksum: fb42df878dd0e22816fc56e1fdca9da73caa85212fbe40c868b1295a6878f9101ae684f4eeef516c13acfc700f5ea07f1136954f43d4cd2d477a811144136479
  languageName: node
  linkType: hard

"kareem@npm:2.6.3":
  version: 2.6.3
  resolution: "kareem@npm:2.6.3"
  checksum: 4e3a4dc01747de19b345bdbb4a976a30ebeb9f8c2623ccb5bb509cbeebc28de09664355aa43e2ff641d8588c9155b7c2f177f389feb76f1b47224ff94c0fe63b
  languageName: node
  linkType: hard

"lodash@npm:^4.17.21":
  version: 4.17.21
  resolution: "lodash@npm:4.17.21"
  checksum: eb835a2e51d381e561e508ce932ea50a8e5a68f4ebdd771ea240d3048244a8d13658acbd502cd4829768c56f2e16bdd4340b9ea141297d472517b83868e677f7
  languageName: node
  linkType: hard

"memory-pager@npm:^1.0.2":
  version: 1.5.0
  resolution: "memory-pager@npm:1.5.0"
  checksum: d1a2e684583ef55c61cd3a49101da645b11ad57014dfc565e0b43baa9004b743f7e4ab81493d8fff2ab24e9950987cc3209c94bcc4fc8d7e30a475489a1f15e9
  languageName: node
  linkType: hard

"mongodb-connection-string-url@npm:^3.0.0":
  version: 3.0.1
  resolution: "mongodb-connection-string-url@npm:3.0.1"
  dependencies:
    "@types/whatwg-url": ^11.0.2
    whatwg-url: ^13.0.0
  checksum: b0a3b9e619c53ce8c10452c6475dc1eeba4761ae1b293b1b37014acf609f44ab7057f084de8fceead9934dba2aad0a59315eab9371c1287dbaaf5aae48c6d371
  languageName: node
  linkType: hard

"mongodb@npm:~6.12.0":
  version: 6.12.0
  resolution: "mongodb@npm:6.12.0"
  dependencies:
    "@mongodb-js/saslprep": ^1.1.9
    bson: ^6.10.1
    mongodb-connection-string-url: ^3.0.0
  peerDependencies:
    "@aws-sdk/credential-providers": ^3.188.0
    "@mongodb-js/zstd": ^1.1.0 || ^2.0.0
    gcp-metadata: ^5.2.0
    kerberos: ^2.0.1
    mongodb-client-encryption: ">=6.0.0 <7"
    snappy: ^7.2.2
    socks: ^2.7.1
  peerDependenciesMeta:
    "@aws-sdk/credential-providers":
      optional: true
    "@mongodb-js/zstd":
      optional: true
    gcp-metadata:
      optional: true
    kerberos:
      optional: true
    mongodb-client-encryption:
      optional: true
    snappy:
      optional: true
    socks:
      optional: true
  checksum: 7b3cc75454c8a87134c8d09d16d8fb6f0dc623698df1e7d7791b4e78fa15ae6dd20795a6813d4f98ed4caf054caec5ae8233b3c72787a98b3f0bf7f62fd2ea78
  languageName: node
  linkType: hard

"mongoose@npm:^8.9.4":
  version: 8.9.4
  resolution: "mongoose@npm:8.9.4"
  dependencies:
    bson: ^6.10.1
    kareem: 2.6.3
    mongodb: ~6.12.0
    mpath: 0.9.0
    mquery: 5.0.0
    ms: 2.1.3
    sift: 17.1.3
  checksum: 108d9672df6c316c2fc3cd7198646d964bf71667d71cde9e4083c98a39ea07cc9cea8b1b46f266e85532d6e781f490221f40922ddad238f38df98ba9e00b571c
  languageName: node
  linkType: hard

"mpath@npm:0.9.0":
  version: 0.9.0
  resolution: "mpath@npm:0.9.0"
  checksum: 1052f1f926db04502440f76164ae16ed53aa41f3ce34e7e64e3ed451b7d91ede295c3b600801c5f9eb862f03d9d59b7aa5aaf690c341fc521bef025d0f5cd773
  languageName: node
  linkType: hard

"mquery@npm:5.0.0":
  version: 5.0.0
  resolution: "mquery@npm:5.0.0"
  dependencies:
    debug: 4.x
  checksum: 0617ead71e40e3c38ab74a1e46214d578d654bf7916abd8b3fb2ceb433bb6287adfa0960f041f16e2ac41c5ed5d7ce2268582f0a0075fff2561bcd5a3f40b417
  languageName: node
  linkType: hard

"ms@npm:2.1.3, ms@npm:^2.1.3":
  version: 2.1.3
  resolution: "ms@npm:2.1.3"
  checksum: aa92de608021b242401676e35cfa5aa42dd70cbdc082b916da7fb925c542173e36bce97ea3e804923fe92c0ad991434e4a38327e15a1b5b5f945d66df615ae6d
  languageName: node
  linkType: hard

"punycode@npm:^2.3.0":
  version: 2.3.1
  resolution: "punycode@npm:2.3.1"
  checksum: bb0a0ceedca4c3c57a9b981b90601579058903c62be23c5e8e843d2c2d4148a3ecf029d5133486fb0e1822b098ba8bba09e89d6b21742d02fa26bda6441a6fb2
  languageName: node
  linkType: hard

"sift@npm:17.1.3":
  version: 17.1.3
  resolution: "sift@npm:17.1.3"
  checksum: 56d09c72720cd75f757dad31fc13cc84461c06c0416d23c1dc05e64276676fa1fecaddb055f0d2aa714d36a93c2acaad8cb2f2ef6d06d8c8bb1af84657de2046
  languageName: node
  linkType: hard

"sparse-bitfield@npm:^3.0.3":
  version: 3.0.3
  resolution: "sparse-bitfield@npm:3.0.3"
  dependencies:
    memory-pager: ^1.0.2
  checksum: 174da88dbbcc783d5dbd26921931cc83830280b8055fb05333786ebe6fc015b9601b24972b3d55920dd2d9f5fb120576fbfa2469b08e5222c9cadf3f05210aab
  languageName: node
  linkType: hard

"src@workspace:.":
  version: 0.0.0-use.local
  resolution: "src@workspace:."
  dependencies:
    "@types/express": ^4.17.21
    "@types/express-serve-static-core": ^4.19.3
    "@types/lodash": ^4.17.5
    "@types/node": ^20.14.2
    lodash: ^4.17.21
    mongoose: ^8.9.4
    typescript: ^5.4.5
  languageName: unknown
  linkType: soft

"tr46@npm:^4.1.1":
  version: 4.1.1
  resolution: "tr46@npm:4.1.1"
  dependencies:
    punycode: ^2.3.0
  checksum: aeeb821ac2cd792e63ec84888b4fd6598ac6ed75d861579e21a5cf9d4ee78b2c6b94e7d45036f2ca2088bc85b9b46560ad23c4482979421063b24137349dbd96
  languageName: node
  linkType: hard

"typescript@npm:^5.4.5":
  version: 5.4.5
  resolution: "typescript@npm:5.4.5"
  bin:
    tsc: bin/tsc
    tsserver: bin/tsserver
  checksum: 53c879c6fa1e3bcb194b274d4501ba1985894b2c2692fa079db03c5a5a7140587a1e04e1ba03184605d35f439b40192d9e138eb3279ca8eee313c081c8bcd9b0
  languageName: node
  linkType: hard

"typescript@patch:typescript@^5.4.5#~builtin<compat/typescript>":
  version: 5.4.5
  resolution: "typescript@patch:typescript@npm%3A5.4.5#~builtin<compat/typescript>::version=5.4.5&hash=29ae49"
  bin:
    tsc: bin/tsc
    tsserver: bin/tsserver
  checksum: 2373c693f3b328f3b2387c3efafe6d257b057a142f9a79291854b14ff4d5367d3d730810aee981726b677ae0fd8329b23309da3b6aaab8263dbdccf1da07a3ba
  languageName: node
  linkType: hard

"undici-types@npm:~5.26.4":
  version: 5.26.5
  resolution: "undici-types@npm:5.26.5"
  checksum: 3192ef6f3fd5df652f2dc1cd782b49d6ff14dc98e5dced492aa8a8c65425227da5da6aafe22523c67f035a272c599bb89cfe803c1db6311e44bed3042fc25487
  languageName: node
  linkType: hard

"webidl-conversions@npm:^7.0.0":
  version: 7.0.0
  resolution: "webidl-conversions@npm:7.0.0"
  checksum: f05588567a2a76428515333eff87200fae6c83c3948a7482ebb109562971e77ef6dc49749afa58abb993391227c5697b3ecca52018793e0cb4620a48f10bd21b
  languageName: node
  linkType: hard

"whatwg-url@npm:^13.0.0":
  version: 13.0.0
  resolution: "whatwg-url@npm:13.0.0"
  dependencies:
    tr46: ^4.1.1
    webidl-conversions: ^7.0.0
  checksum: 7f69272a1bfd5f0d994988b9e234e35d21071a9bffe0d6fd4477d295552665c566b176ff8e0251a0a79c61c5a67a7a392e248aae5887d7e22bdff0125209e26b
  languageName: node
  linkType: hard
