# This file is generated by running "yarn install" inside your project.
# Manual changes might be lost - proceed with caution!

__metadata:
  version: 6
  cacheKey: 8

"@mongodb-js/saslprep@npm:^1.1.9":
  version: 1.4.4
  resolution: "@mongodb-js/saslprep@npm:1.4.4"
  dependencies:
    sparse-bitfield: ^3.0.3
  checksum: fb119500f6c105479d0f23df7d1aefdfa21f16671f29c621f13c91d02cf3f1d832dc3f988df0b15586366738273382c6875caa46e5cd55b30f2ed3a5a4c1d099
  languageName: node
  linkType: hard

"@types/webidl-conversions@npm:*":
  version: 7.0.3
  resolution: "@types/webidl-conversions@npm:7.0.3"
  checksum: 535ead9de4d3d6c8e4f4fa14e9db780d2a31e8020debc062f337e1420a41c3265e223e4f4b628f97a11ecf3b96390962cd88a9ffe34f44e159dec583ff49aa34
  languageName: node
  linkType: hard

"@types/whatwg-url@npm:^11.0.2":
  version: 11.0.5
  resolution: "@types/whatwg-url@npm:11.0.5"
  dependencies:
    "@types/webidl-conversions": "*"
  checksum: 23a0c45aff51817807b473a6adb181d6e3bb0d27dde54e84883d5d5bc93358e95204d2188e7ff7fdc2cdaf157e97e1188ef0a22ec79228da300fc30d4a05b56a
  languageName: node
  linkType: hard

"adler-32@npm:~1.3.0":
  version: 1.3.1
  resolution: "adler-32@npm:1.3.1"
  checksum: c7f6b02df64a4392fcf1591862344f56733716a558e97a8b06a553dadeeaec792054512389000f42f371b13d2be5370e056e18db3b573944b595c4cb7742c5c6
  languageName: node
  linkType: hard

"asynckit@npm:^0.4.0":
  version: 0.4.0
  resolution: "asynckit@npm:0.4.0"
  checksum: 7b78c451df768adba04e2d02e63e2d0bf3b07adcd6e42b4cf665cb7ce899bedd344c69a1dcbce355b5f972d597b25aaa1c1742b52cffd9caccb22f348114f6be
  languageName: node
  linkType: hard

"axios@npm:^1.8.4":
  version: 1.13.2
  resolution: "axios@npm:1.13.2"
  dependencies:
    follow-redirects: ^1.15.6
    form-data: ^4.0.4
    proxy-from-env: ^1.1.0
  checksum: 057d0204d5930e2969f0bccb9f0752745b1524a36994667833195e7e1a82f245d660752ba8517b2dbea17e9e4ed0479f10b80c5fe45edd0b5a0df645c0060386
  languageName: node
  linkType: hard

"bson@npm:^6.10.1":
  version: 6.10.4
  resolution: "bson@npm:6.10.4"
  checksum: 5b0b625ac9b3661497aa1baec58c8e8979cc501a5c490a5740001b3cc415d0d5d51f16bf9da433b28ffd1303b6f98c1427e8192cf4220b13b09a9a4184bfceb2
  languageName: node
  linkType: hard

"call-bind-apply-helpers@npm:^1.0.1, call-bind-apply-helpers@npm:^1.0.2":
  version: 1.0.2
  resolution: "call-bind-apply-helpers@npm:1.0.2"
  dependencies:
    es-errors: ^1.3.0
    function-bind: ^1.1.2
  checksum: b2863d74fcf2a6948221f65d95b91b4b2d90cfe8927650b506141e669f7d5de65cea191bf788838bc40d13846b7886c5bc5c84ab96c3adbcf88ad69a72fcdc6b
  languageName: node
  linkType: hard

"cfb@npm:~1.2.1":
  version: 1.2.2
  resolution: "cfb@npm:1.2.2"
  dependencies:
    adler-32: ~1.3.0
    crc-32: ~1.2.0
  checksum: cfb63a7d630a7fa415c1b25655dca66666584f29c95fb0ee90866ada1a28090857827f2ba70a9a50df28bdce05728ae58d495bce417249f305ef7b3c85840024
  languageName: node
  linkType: hard

"codepage@npm:~1.15.0":
  version: 1.15.0
  resolution: "codepage@npm:1.15.0"
  checksum: 86bdfd8f8fd4d78ace6ddab02a1621cbb4a833686fe886984b4155d99cd0287581d69495774b816ab2f571c4dc851c1595e1dbb8d69bd6dbb5a631ebf317fab0
  languageName: node
  linkType: hard

"combined-stream@npm:^1.0.8":
  version: 1.0.8
  resolution: "combined-stream@npm:1.0.8"
  dependencies:
    delayed-stream: ~1.0.0
  checksum: 49fa4aeb4916567e33ea81d088f6584749fc90c7abec76fd516bf1c5aa5c79f3584b5ba3de6b86d26ddd64bae5329c4c7479343250cfe71c75bb366eae53bb7c
  languageName: node
  linkType: hard

"crc-32@npm:~1.2.0, crc-32@npm:~1.2.1":
  version: 1.2.2
  resolution: "crc-32@npm:1.2.2"
  bin:
    crc32: bin/crc32.njs
  checksum: ad2d0ad0cbd465b75dcaeeff0600f8195b686816ab5f3ba4c6e052a07f728c3e70df2e3ca9fd3d4484dc4ba70586e161ca5a2334ec8bf5a41bf022a6103ff243
  languageName: node
  linkType: hard

"debug@npm:4.x":
  version: 4.4.3
  resolution: "debug@npm:4.4.3"
  dependencies:
    ms: ^2.1.3
  peerDependenciesMeta:
    supports-color:
      optional: true
  checksum: 4805abd570e601acdca85b6aa3757186084a45cff9b2fa6eee1f3b173caa776b45f478b2a71a572d616d2010cea9211d0ac4a02a610e4c18ac4324bde3760834
  languageName: node
  linkType: hard

"delayed-stream@npm:~1.0.0":
  version: 1.0.0
  resolution: "delayed-stream@npm:1.0.0"
  checksum: 46fe6e83e2cb1d85ba50bd52803c68be9bd953282fa7096f51fc29edd5d67ff84ff753c51966061e5ba7cb5e47ef6d36a91924eddb7f3f3483b1c560f77a0020
  languageName: node
  linkType: hard

"dunder-proto@npm:^1.0.1":
  version: 1.0.1
  resolution: "dunder-proto@npm:1.0.1"
  dependencies:
    call-bind-apply-helpers: ^1.0.1
    es-errors: ^1.3.0
    gopd: ^1.2.0
  checksum: 149207e36f07bd4941921b0ca929e3a28f1da7bd6b6ff8ff7f4e2f2e460675af4576eeba359c635723dc189b64cdd4787e0255897d5b135ccc5d15cb8685fc90
  languageName: node
  linkType: hard

"es-define-property@npm:^1.0.1":
  version: 1.0.1
  resolution: "es-define-property@npm:1.0.1"
  checksum: 0512f4e5d564021c9e3a644437b0155af2679d10d80f21adaf868e64d30efdfbd321631956f20f42d655fedb2e3a027da479fad3fa6048f768eb453a80a5f80a
  languageName: node
  linkType: hard

"es-errors@npm:^1.3.0":
  version: 1.3.0
  resolution: "es-errors@npm:1.3.0"
  checksum: ec1414527a0ccacd7f15f4a3bc66e215f04f595ba23ca75cdae0927af099b5ec865f9f4d33e9d7e86f512f252876ac77d4281a7871531a50678132429b1271b5
  languageName: node
  linkType: hard

"es-object-atoms@npm:^1.0.0, es-object-atoms@npm:^1.1.1":
  version: 1.1.1
  resolution: "es-object-atoms@npm:1.1.1"
  dependencies:
    es-errors: ^1.3.0
  checksum: 214d3767287b12f36d3d7267ef342bbbe1e89f899cfd67040309fc65032372a8e60201410a99a1645f2f90c1912c8c49c8668066f6bdd954bcd614dda2e3da97
  languageName: node
  linkType: hard

"es-set-tostringtag@npm:^2.1.0":
  version: 2.1.0
  resolution: "es-set-tostringtag@npm:2.1.0"
  dependencies:
    es-errors: ^1.3.0
    get-intrinsic: ^1.2.6
    has-tostringtag: ^1.0.2
    hasown: ^2.0.2
  checksum: 789f35de4be3dc8d11fdcb91bc26af4ae3e6d602caa93299a8c45cf05d36cc5081454ae2a6d3afa09cceca214b76c046e4f8151e092e6fc7feeb5efb9e794fc6
  languageName: node
  linkType: hard

"follow-redirects@npm:^1.15.6":
  version: 1.15.11
  resolution: "follow-redirects@npm:1.15.11"
  peerDependenciesMeta:
    debug:
      optional: true
  checksum: 20bf55e9504f59e6cc3743ba27edb2ebf41edea1baab34799408f2c050f73f0c612728db21c691276296d2795ea8a812dc532a98e8793619fcab91abe06d017f
  languageName: node
  linkType: hard

"form-data@npm:^4.0.4":
  version: 4.0.4
  resolution: "form-data@npm:4.0.4"
  dependencies:
    asynckit: ^0.4.0
    combined-stream: ^1.0.8
    es-set-tostringtag: ^2.1.0
    hasown: ^2.0.2
    mime-types: ^2.1.12
  checksum: 9b7788836df9fa5a6999e0c02515b001946b2a868cfe53f026c69e2c537a2ff9fbfb8e9d2b678744628f3dc7a2d6e14e4e45dfaf68aa6239727f0bdb8ce0abf2
  languageName: node
  linkType: hard

"frac@npm:~1.1.2":
  version: 1.1.2
  resolution: "frac@npm:1.1.2"
  checksum: fbfbb28003bb84506dd35e7aad8543c5a358bdc95451d0065b6127d40d2c45106f14221575c3e9ce3ea4bf0bbf1225b73c5d655965c9f4ce44332cbe1b34667d
  languageName: node
  linkType: hard

"function-bind@npm:^1.1.2":
  version: 1.1.2
  resolution: "function-bind@npm:1.1.2"
  checksum: 2b0ff4ce708d99715ad14a6d1f894e2a83242e4a52ccfcefaee5e40050562e5f6dafc1adbb4ce2d4ab47279a45dc736ab91ea5042d843c3c092820dfe032efb1
  languageName: node
  linkType: hard

"get-intrinsic@npm:^1.2.6":
  version: 1.3.0
  resolution: "get-intrinsic@npm:1.3.0"
  dependencies:
    call-bind-apply-helpers: ^1.0.2
    es-define-property: ^1.0.1
    es-errors: ^1.3.0
    es-object-atoms: ^1.1.1
    function-bind: ^1.1.2
    get-proto: ^1.0.1
    gopd: ^1.2.0
    has-symbols: ^1.1.0
    hasown: ^2.0.2
    math-intrinsics: ^1.1.0
  checksum: 301008e4482bb9a9cb49e132b88fee093bff373b4e6def8ba219b1e96b60158a6084f273ef5cafe832e42cd93462f4accb46a618d35fe59a2b507f2388c5b79d
  languageName: node
  linkType: hard

"get-proto@npm:^1.0.1":
  version: 1.0.1
  resolution: "get-proto@npm:1.0.1"
  dependencies:
    dunder-proto: ^1.0.1
    es-object-atoms: ^1.0.0
  checksum: 4fc96afdb58ced9a67558698b91433e6b037aaa6f1493af77498d7c85b141382cf223c0e5946f334fb328ee85dfe6edd06d218eaf09556f4bc4ec6005d7f5f7b
  languageName: node
  linkType: hard

"gopd@npm:^1.2.0":
  version: 1.2.0
  resolution: "gopd@npm:1.2.0"
  checksum: cc6d8e655e360955bdccaca51a12a474268f95bb793fc3e1f2bdadb075f28bfd1fd988dab872daf77a61d78cbaf13744bc8727a17cfb1d150d76047d805375f3
  languageName: node
  linkType: hard

"has-symbols@npm:^1.0.3, has-symbols@npm:^1.1.0":
  version: 1.1.0
  resolution: "has-symbols@npm:1.1.0"
  checksum: b2316c7302a0e8ba3aaba215f834e96c22c86f192e7310bdf689dd0e6999510c89b00fbc5742571507cebf25764d68c988b3a0da217369a73596191ac0ce694b
  languageName: node
  linkType: hard

"has-tostringtag@npm:^1.0.2":
  version: 1.0.2
  resolution: "has-tostringtag@npm:1.0.2"
  dependencies:
    has-symbols: ^1.0.3
  checksum: 999d60bb753ad714356b2c6c87b7fb74f32463b8426e159397da4bde5bca7e598ab1073f4d8d4deafac297f2eb311484cd177af242776bf05f0d11565680468d
  languageName: node
  linkType: hard

"hasown@npm:^2.0.2":
  version: 2.0.2
  resolution: "hasown@npm:2.0.2"
  dependencies:
    function-bind: ^1.1.2
  checksum: e8516f776a15149ca6c6ed2ae3110c417a00b62260e222590e54aa367cbcd6ed99122020b37b7fbdf05748df57b265e70095d7bf35a47660587619b15ffb93db
  languageName: node
  linkType: hard

"kareem@npm:2.6.3":
  version: 2.6.3
  resolution: "kareem@npm:2.6.3"
  checksum: 4e3a4dc01747de19b345bdbb4a976a30ebeb9f8c2623ccb5bb509cbeebc28de09664355aa43e2ff641d8588c9155b7c2f177f389feb76f1b47224ff94c0fe63b
  languageName: node
  linkType: hard

"lodash@npm:^4.17.21":
  version: 4.17.21
  resolution: "lodash@npm:4.17.21"
  checksum: eb835a2e51d381e561e508ce932ea50a8e5a68f4ebdd771ea240d3048244a8d13658acbd502cd4829768c56f2e16bdd4340b9ea141297d472517b83868e677f7
  languageName: node
  linkType: hard

"math-intrinsics@npm:^1.1.0":
  version: 1.1.0
  resolution: "math-intrinsics@npm:1.1.0"
  checksum: 0e513b29d120f478c85a70f49da0b8b19bc638975eca466f2eeae0071f3ad00454c621bf66e16dd435896c208e719fc91ad79bbfba4e400fe0b372e7c1c9c9a2
  languageName: node
  linkType: hard

"memory-pager@npm:^1.0.2":
  version: 1.5.0
  resolution: "memory-pager@npm:1.5.0"
  checksum: d1a2e684583ef55c61cd3a49101da645b11ad57014dfc565e0b43baa9004b743f7e4ab81493d8fff2ab24e9950987cc3209c94bcc4fc8d7e30a475489a1f15e9
  languageName: node
  linkType: hard

"mime-db@npm:1.52.0":
  version: 1.52.0
  resolution: "mime-db@npm:1.52.0"
  checksum: 0d99a03585f8b39d68182803b12ac601d9c01abfa28ec56204fa330bc9f3d1c5e14beb049bafadb3dbdf646dfb94b87e24d4ec7b31b7279ef906a8ea9b6a513f
  languageName: node
  linkType: hard

"mime-types@npm:^2.1.12":
  version: 2.1.35
  resolution: "mime-types@npm:2.1.35"
  dependencies:
    mime-db: 1.52.0
  checksum: 89a5b7f1def9f3af5dad6496c5ed50191ae4331cc5389d7c521c8ad28d5fdad2d06fd81baf38fed813dc4e46bb55c8145bb0ff406330818c9cf712fb2e9b3836
  languageName: node
  linkType: hard

"moment@npm:^2.29.4":
  version: 2.30.1
  resolution: "moment@npm:2.30.1"
  checksum: 859236bab1e88c3e5802afcf797fc801acdbd0ee509d34ea3df6eea21eb6bcc2abd4ae4e4e64aa7c986aa6cba563c6e62806218e6412a765010712e5fa121ba6
  languageName: node
  linkType: hard

"mongodb-connection-string-url@npm:^3.0.0":
  version: 3.0.2
  resolution: "mongodb-connection-string-url@npm:3.0.2"
  dependencies:
    "@types/whatwg-url": ^11.0.2
    whatwg-url: ^14.1.0 || ^13.0.0
  checksum: 382319aa41d381ff4be9370024e3cf765ded14aa581bca7c7a171fcaae618b8d92912329b6b13898334c3b6f3cab12ae8785defad2745ca20226ceeb253ef1ae
  languageName: node
  linkType: hard

"mongodb-work-infinity-script@workspace:.":
  version: 0.0.0-use.local
  resolution: "mongodb-work-infinity-script@workspace:."
  dependencies:
    axios: ^1.8.4
    lodash: ^4.17.21
    moment: ^2.29.4
    mongoose: 8.9.4
    xlsx: ^0.18.5
  languageName: unknown
  linkType: soft

"mongodb@npm:~6.12.0":
  version: 6.12.0
  resolution: "mongodb@npm:6.12.0"
  dependencies:
    "@mongodb-js/saslprep": ^1.1.9
    bson: ^6.10.1
    mongodb-connection-string-url: ^3.0.0
  peerDependencies:
    "@aws-sdk/credential-providers": ^3.188.0
    "@mongodb-js/zstd": ^1.1.0 || ^2.0.0
    gcp-metadata: ^5.2.0
    kerberos: ^2.0.1
    mongodb-client-encryption: ">=6.0.0 <7"
    snappy: ^7.2.2
    socks: ^2.7.1
  peerDependenciesMeta:
    "@aws-sdk/credential-providers":
      optional: true
    "@mongodb-js/zstd":
      optional: true
    gcp-metadata:
      optional: true
    kerberos:
      optional: true
    mongodb-client-encryption:
      optional: true
    snappy:
      optional: true
    socks:
      optional: true
  checksum: 7b3cc75454c8a87134c8d09d16d8fb6f0dc623698df1e7d7791b4e78fa15ae6dd20795a6813d4f98ed4caf054caec5ae8233b3c72787a98b3f0bf7f62fd2ea78
  languageName: node
  linkType: hard

"mongoose@npm:8.9.4":
  version: 8.9.4
  resolution: "mongoose@npm:8.9.4"
  dependencies:
    bson: ^6.10.1
    kareem: 2.6.3
    mongodb: ~6.12.0
    mpath: 0.9.0
    mquery: 5.0.0
    ms: 2.1.3
    sift: 17.1.3
  checksum: 108d9672df6c316c2fc3cd7198646d964bf71667d71cde9e4083c98a39ea07cc9cea8b1b46f266e85532d6e781f490221f40922ddad238f38df98ba9e00b571c
  languageName: node
  linkType: hard

"mpath@npm:0.9.0":
  version: 0.9.0
  resolution: "mpath@npm:0.9.0"
  checksum: 1052f1f926db04502440f76164ae16ed53aa41f3ce34e7e64e3ed451b7d91ede295c3b600801c5f9eb862f03d9d59b7aa5aaf690c341fc521bef025d0f5cd773
  languageName: node
  linkType: hard

"mquery@npm:5.0.0":
  version: 5.0.0
  resolution: "mquery@npm:5.0.0"
  dependencies:
    debug: 4.x
  checksum: 0617ead71e40e3c38ab74a1e46214d578d654bf7916abd8b3fb2ceb433bb6287adfa0960f041f16e2ac41c5ed5d7ce2268582f0a0075fff2561bcd5a3f40b417
  languageName: node
  linkType: hard

"ms@npm:2.1.3, ms@npm:^2.1.3":
  version: 2.1.3
  resolution: "ms@npm:2.1.3"
  checksum: aa92de608021b242401676e35cfa5aa42dd70cbdc082b916da7fb925c542173e36bce97ea3e804923fe92c0ad991434e4a38327e15a1b5b5f945d66df615ae6d
  languageName: node
  linkType: hard

"proxy-from-env@npm:^1.1.0":
  version: 1.1.0
  resolution: "proxy-from-env@npm:1.1.0"
  checksum: ed7fcc2ba0a33404958e34d95d18638249a68c430e30fcb6c478497d72739ba64ce9810a24f53a7d921d0c065e5b78e3822759800698167256b04659366ca4d4
  languageName: node
  linkType: hard

"punycode@npm:^2.3.1":
  version: 2.3.1
  resolution: "punycode@npm:2.3.1"
  checksum: bb0a0ceedca4c3c57a9b981b90601579058903c62be23c5e8e843d2c2d4148a3ecf029d5133486fb0e1822b098ba8bba09e89d6b21742d02fa26bda6441a6fb2
  languageName: node
  linkType: hard

"sift@npm:17.1.3":
  version: 17.1.3
  resolution: "sift@npm:17.1.3"
  checksum: 56d09c72720cd75f757dad31fc13cc84461c06c0416d23c1dc05e64276676fa1fecaddb055f0d2aa714d36a93c2acaad8cb2f2ef6d06d8c8bb1af84657de2046
  languageName: node
  linkType: hard

"sparse-bitfield@npm:^3.0.3":
  version: 3.0.3
  resolution: "sparse-bitfield@npm:3.0.3"
  dependencies:
    memory-pager: ^1.0.2
  checksum: 174da88dbbcc783d5dbd26921931cc83830280b8055fb05333786ebe6fc015b9601b24972b3d55920dd2d9f5fb120576fbfa2469b08e5222c9cadf3f05210aab
  languageName: node
  linkType: hard

"ssf@npm:~0.11.2":
  version: 0.11.2
  resolution: "ssf@npm:0.11.2"
  dependencies:
    frac: ~1.1.2
  checksum: 6ecef6ae0a90e67dc4b05bc3cca883e2dffad9773b41124af36ee308884e4a29f98bde66d6c8d2bd1ccf5f860ea4f6c49338bd8d733007fc42ebe02dd5295dcf
  languageName: node
  linkType: hard

"tr46@npm:^5.1.0":
  version: 5.1.1
  resolution: "tr46@npm:5.1.1"
  dependencies:
    punycode: ^2.3.1
  checksum: da7a04bd3f77e641abdabe948bb84f24e6ee73e81c8c96c36fe79796c889ba97daf3dbacae778f8581ff60307a4136ee14c9540a5f85ebe44f99c6cc39a97690
  languageName: node
  linkType: hard

"webidl-conversions@npm:^7.0.0":
  version: 7.0.0
  resolution: "webidl-conversions@npm:7.0.0"
  checksum: f05588567a2a76428515333eff87200fae6c83c3948a7482ebb109562971e77ef6dc49749afa58abb993391227c5697b3ecca52018793e0cb4620a48f10bd21b
  languageName: node
  linkType: hard

"whatwg-url@npm:^14.1.0 || ^13.0.0":
  version: 14.2.0
  resolution: "whatwg-url@npm:14.2.0"
  dependencies:
    tr46: ^5.1.0
    webidl-conversions: ^7.0.0
  checksum: c4f1ae1d353b9e56ab3c154cd73bf2b621cea1a2499fd2a9b2a17d448c2ed5e73a8922a0f395939de565fc3661461140111ae2aea26d4006a1ad0cfbf021c034
  languageName: node
  linkType: hard

"wmf@npm:~1.0.1":
  version: 1.0.2
  resolution: "wmf@npm:1.0.2"
  checksum: d336acb2c76fa868ef006fbb06c4e64c7c1ed5ff77d16c48a273cf1f4d0a44e35df209b8fde28d93dd4a924d652a9c4fc8a92ad57885a5e437df0b0900769e3b
  languageName: node
  linkType: hard

"word@npm:~0.3.0":
  version: 0.3.0
  resolution: "word@npm:0.3.0"
  checksum: f84e7061883380c1bcb0d98bd183b7f2b281688011924af7a96d3ed3ee20aeb12cc59a0451b66e5e57520338a056725ff8e0c07b358c0afecf5488a9557c19fe
  languageName: node
  linkType: hard

"xlsx@npm:^0.18.5":
  version: 0.18.5
  resolution: "xlsx@npm:0.18.5"
  dependencies:
    adler-32: ~1.3.0
    cfb: ~1.2.1
    codepage: ~1.15.0
    crc-32: ~1.2.1
    ssf: ~0.11.2
    wmf: ~1.0.1
    word: ~0.3.0
  bin:
    xlsx: bin/xlsx.njs
  checksum: c5774d3c6abdf2db24f33a7b786e305255dac0e41a4e6bf6167c3f8517bfb5bfcb98e8207c39d5105f8304aa7416758da0400a993fb79aaf8e2ea4cfa8801f2e
  languageName: node
  linkType: hard
